// !$*UTF8*$!
{
	archiveVersion = 1;
	classes = {
	};
	objectVersion = 46;
	objects = {

/* Begin PBXBuildFile section */
		7F2EB89C145057F200E97A87 /* AppKit.framework in Frameworks */ = {isa = PBXBuildFile; fileRef = 7F2EB899145057EA00E97A87 /* AppKit.framework */; };
		BB0F909C19FEE18900F7E31A /* tiny_red.gif in Resources */ = {isa = PBXBuildFile; fileRef = BB0F909B19FEE18900F7E31A /* tiny_red.gif */; };
		BB126F2B192DA95500416E57 /* Xprobe.mm in Sources */ = {isa = PBXBuildFile; fileRef = BB126F2A192DA95500416E57 /* Xprobe.mm */; };
		BB233A7A1AE8909B003C2AF7 /* libz.dylib in Frameworks */ = {isa = PBXBuildFile; fileRef = BB233A791AE8909B003C2AF7 /* libz.dylib */; };
		BB2526441F65CE0700898347 /* LICENSE in Resources */ = {isa = PBXBuildFile; fileRef = BB2526431F65CE0700898347 /* LICENSE */; };
		BB34DDC61931537F0046B8BC /* canviz-0.1 in Resources */ = {isa = PBXBuildFile; fileRef = BB34DDC51931537F0046B8BC /* canviz-0.1 */; };
		BB34DDC8193153B50046B8BC /* canviz.html in Resources */ = {isa = PBXBuildFile; fileRef = BB34DDC7193153B50046B8BC /* canviz.html */; };
		BB5CF63A1912DCC50052E10B /* XprobePluginMenuController.m in Sources */ = {isa = PBXBuildFile; fileRef = BB5CF6391912DCC50052E10B /* XprobePluginMenuController.m */; };
		BB82F0CD1913D15F0015AE7A /* README.md in Resources */ = {isa = PBXBuildFile; fileRef = BB82F0CC1913D15F0015AE7A /* README.md */; };
		BB8EE2A51B06B039007BC168 /* Xprobe+Service.mm in Sources */ = {isa = PBXBuildFile; fileRef = BB8EE2A41B06B039007BC168 /* Xprobe+Service.mm */; };
		BBADAF6F192FAFCA00C7831A /* XprobeConsole.m in Sources */ = {isa = PBXBuildFile; fileRef = BBADAF6E192FAFCA00C7831A /* XprobeConsole.m */; };
		BBD952B919FD8351002E230F /* CodeMirror in Resources */ = {isa = PBXBuildFile; fileRef = BBD952B819FD8351002E230F /* CodeMirror */; };
		BBDC69701933E5AA002DCCF4 /* graph-xdot.gv in Resources */ = {isa = PBXBuildFile; fileRef = BBDC696F1933E5AA002DCCF4 /* graph-xdot.gv */; };
		BBF429CA1929CB0500CAFBDC /* Xtrace.mm in Sources */ = {isa = PBXBuildFile; fileRef = BBF429C91929CB0500CAFBDC /* Xtrace.mm */; };
		BBF429CE1929CB8100CAFBDC /* XprobeConsole.xib in Resources */ = {isa = PBXBuildFile; fileRef = BBF429CD1929CB8100CAFBDC /* XprobeConsole.xib */; };
		BBF429D01929CBB500CAFBDC /* xprobe.html in Resources */ = {isa = PBXBuildFile; fileRef = BBF429CF1929CBB500CAFBDC /* xprobe.html */; };
		BBF5D8E31912DFCA0037CE2E /* XprobePluginMenuController.xib in Resources */ = {isa = PBXBuildFile; fileRef = BBF5D8E21912DFCA0037CE2E /* XprobePluginMenuController.xib */; };
		DA1B5D020E64686800921439 /* Foundation.framework in Frameworks */ = {isa = PBXBuildFile; fileRef = 089C1672FE841209C02AAC07 /* Foundation.framework */; };
/* End PBXBuildFile section */

/* Begin PBXContainerItemProxy section */
		BB40EFD71AD84F3C0031E493 /* PBXContainerItemProxy */ = {
			isa = PBXContainerItemProxy;
			containerPortal = BBDEF79219293F35000F1C04 /* XprobeBundle.xcodeproj */;
			proxyType = 1;
			remoteGlobalIDString = BBDEF78019293F35000F1C04;
			remoteInfo = XprobeBundle;
		};
		BBA9D49C1AE9103E009EC34E /* PBXContainerItemProxy */ = {
			isa = PBXContainerItemProxy;
			containerPortal = BBA9D4981AE9103C009EC34E /* XprobeSwift.xcodeproj */;
			proxyType = 2;
			remoteGlobalIDString = BBA9D48E1AE91028009EC34E;
			remoteInfo = XprobeSwift;
		};
		BBA9D49E1AE91058009EC34E /* PBXContainerItemProxy */ = {
			isa = PBXContainerItemProxy;
			containerPortal = BBA9D4981AE9103C009EC34E /* XprobeSwift.xcodeproj */;
			proxyType = 1;
			remoteGlobalIDString = BBA9D48D1AE91028009EC34E;
			remoteInfo = XprobeSwift;
		};
		BBDEF79619293F36000F1C04 /* PBXContainerItemProxy */ = {
			isa = PBXContainerItemProxy;
			containerPortal = BBDEF79219293F35000F1C04 /* XprobeBundle.xcodeproj */;
			proxyType = 2;
			remoteGlobalIDString = BBDEF78119293F35000F1C04;
			remoteInfo = XprobeBundle;
		};
/* End PBXContainerItemProxy section */

/* Begin PBXFileReference section */
		089C1672FE841209C02AAC07 /* Foundation.framework */ = {isa = PBXFileReference; lastKnownFileType = wrapper.framework; name = Foundation.framework; path = /System/Library/Frameworks/Foundation.framework; sourceTree = "<absolute>"; };
		7F2EB899145057EA00E97A87 /* AppKit.framework */ = {isa = PBXFileReference; lastKnownFileType = wrapper.framework; name = AppKit.framework; path = System/Library/Frameworks/AppKit.framework; sourceTree = SDKROOT; };
		8D5B49B6048680CD000E48DA /* XprobePlugin.xcplugin */ = {isa = PBXFileReference; explicitFileType = wrapper.cfbundle; includeInIndex = 0; path = XprobePlugin.xcplugin; sourceTree = BUILT_PRODUCTS_DIR; };
		8D5B49B7048680CD000E48DA /* Info.plist */ = {isa = PBXFileReference; fileEncoding = 4; lastKnownFileType = text.plist.xml; path = Info.plist; sourceTree = "<group>"; };
		BB0F909B19FEE18900F7E31A /* tiny_red.gif */ = {isa = PBXFileReference; lastKnownFileType = image.gif; path = tiny_red.gif; sourceTree = "<group>"; };
		BB103EDF1B076B8A00F280F2 /* IvarAccess.h */ = {isa = PBXFileReference; lastKnownFileType = sourcecode.c.h; name = IvarAccess.h; path = ../Sources/Xprobe/include/IvarAccess.h; sourceTree = "<group>"; };
		BB126F2A192DA95500416E57 /* Xprobe.mm */ = {isa = PBXFileReference; fileEncoding = 4; lastKnownFileType = sourcecode.cpp.objcpp; name = Xprobe.mm; path = ../Sources/Xprobe/Xprobe.mm; sourceTree = "<group>"; };
		BB13764A2606D2410065126A /* Package.swift */ = {isa = PBXFileReference; fileEncoding = 4; lastKnownFileType = sourcecode.swift; path = Package.swift; sourceTree = "<group>"; };
		BB1E8FF3260B20CF0060493A /* Sources */ = {isa = PBXFileReference; lastKnownFileType = folder; path = Sources; sourceTree = "<group>"; };
		BB233A791AE8909B003C2AF7 /* libz.dylib */ = {isa = PBXFileReference; lastKnownFileType = "compiled.mach-o.dylib"; name = libz.dylib; path = usr/lib/libz.dylib; sourceTree = SDKROOT; };
		BB2526431F65CE0700898347 /* LICENSE */ = {isa = PBXFileReference; lastKnownFileType = text; path = LICENSE; sourceTree = "<group>"; };
		BB34DDC51931537F0046B8BC /* canviz-0.1 */ = {isa = PBXFileReference; lastKnownFileType = folder; path = "canviz-0.1"; sourceTree = "<group>"; };
		BB34DDC7193153B50046B8BC /* canviz.html */ = {isa = PBXFileReference; fileEncoding = 4; lastKnownFileType = text.html; path = canviz.html; sourceTree = "<group>"; };
		BB5CF6381912DCC50052E10B /* XprobePluginMenuController.h */ = {isa = PBXFileReference; fileEncoding = 4; lastKnownFileType = sourcecode.c.h; name = XprobePluginMenuController.h; path = ../Sources/XprobeUI/include/XprobePluginMenuController.h; sourceTree = "<group>"; };
		BB5CF6391912DCC50052E10B /* XprobePluginMenuController.m */ = {isa = PBXFileReference; fileEncoding = 4; lastKnownFileType = sourcecode.c.objc; name = XprobePluginMenuController.m; path = ../Sources/XprobeUI/XprobePluginMenuController.m; sourceTree = "<group>"; };
		BB82F0CC1913D15F0015AE7A /* README.md */ = {isa = PBXFileReference; fileEncoding = 4; lastKnownFileType = text; path = README.md; sourceTree = "<group>"; };
		BB8EE2A41B06B039007BC168 /* Xprobe+Service.mm */ = {isa = PBXFileReference; fileEncoding = 4; lastKnownFileType = sourcecode.cpp.objcpp; name = "Xprobe+Service.mm"; path = "../Sources/Xprobe/Xprobe+Service.mm"; sourceTree = "<group>"; };
		BBA9D4981AE9103C009EC34E /* XprobeSwift.xcodeproj */ = {isa = PBXFileReference; lastKnownFileType = "wrapper.pb-project"; name = XprobeSwift.xcodeproj; path = XprobeSwift/XprobeSwift.xcodeproj; sourceTree = "<group>"; };
		BBADAF6E192FAFCA00C7831A /* XprobeConsole.m */ = {isa = PBXFileReference; fileEncoding = 4; lastKnownFileType = sourcecode.c.objc; name = XprobeConsole.m; path = ../Sources/XprobeUI/XprobeConsole.m; sourceTree = "<group>"; };
		BBD952B819FD8351002E230F /* CodeMirror */ = {isa = PBXFileReference; lastKnownFileType = folder; path = CodeMirror; sourceTree = "<group>"; };
		BBDC696F1933E5AA002DCCF4 /* graph-xdot.gv */ = {isa = PBXFileReference; fileEncoding = 4; lastKnownFileType = text; path = "graph-xdot.gv"; sourceTree = "<group>"; };
		BBDEF79219293F35000F1C04 /* XprobeBundle.xcodeproj */ = {isa = PBXFileReference; lastKnownFileType = "wrapper.pb-project"; name = XprobeBundle.xcodeproj; path = XprobeBundle/XprobeBundle.xcodeproj; sourceTree = "<group>"; };
		BBF429C81929CB0500CAFBDC /* Xtrace.h */ = {isa = PBXFileReference; fileEncoding = 4; lastKnownFileType = sourcecode.c.h; path = Xtrace.h; sourceTree = "<group>"; };
		BBF429C91929CB0500CAFBDC /* Xtrace.mm */ = {isa = PBXFileReference; fileEncoding = 4; lastKnownFileType = sourcecode.cpp.objcpp; path = Xtrace.mm; sourceTree = "<group>"; };
		BBF429CB1929CB1E00CAFBDC /* Xprobe.h */ = {isa = PBXFileReference; fileEncoding = 4; lastKnownFileType = sourcecode.c.h; name = Xprobe.h; path = ../Sources/Xprobe/include/Xprobe.h; sourceTree = "<group>"; };
		BBF429CC1929CB4F00CAFBDC /* XprobeConsole.h */ = {isa = PBXFileReference; fileEncoding = 4; lastKnownFileType = sourcecode.c.h; name = XprobeConsole.h; path = ../Sources/XprobeUI/include/XprobeConsole.h; sourceTree = "<group>"; };
		BBF429CD1929CB8100CAFBDC /* XprobeConsole.xib */ = {isa = PBXFileReference; fileEncoding = 4; lastKnownFileType = file.xib; path = XprobeConsole.xib; sourceTree = "<group>"; };
		BBF429CF1929CBB500CAFBDC /* xprobe.html */ = {isa = PBXFileReference; fileEncoding = 4; lastKnownFileType = text.html; path = xprobe.html; sourceTree = "<group>"; };
		BBF5D8E21912DFCA0037CE2E /* XprobePluginMenuController.xib */ = {isa = PBXFileReference; fileEncoding = 4; lastKnownFileType = file.xib; path = XprobePluginMenuController.xib; sourceTree = "<group>"; };
/* End PBXFileReference section */

/* Begin PBXFrameworksBuildPhase section */
		8D5B49B3048680CD000E48DA /* Frameworks */ = {
			isa = PBXFrameworksBuildPhase;
			buildActionMask = 2147483647;
			files = (
				DA1B5D020E64686800921439 /* Foundation.framework in Frameworks */,
				7F2EB89C145057F200E97A87 /* AppKit.framework in Frameworks */,
				BB233A7A1AE8909B003C2AF7 /* libz.dylib in Frameworks */,
			);
			runOnlyForDeploymentPostprocessing = 0;
		};
/* End PBXFrameworksBuildPhase section */

/* Begin PBXGroup section */
		089C166AFE841209C02AAC07 /* QuietXcode */ = {
			isa = PBXGroup;
			children = (
				BB13764A2606D2410065126A /* Package.swift */,
				BB2526431F65CE0700898347 /* LICENSE */,
				BB82F0CC1913D15F0015AE7A /* README.md */,
				BBDEF79219293F35000F1C04 /* XprobeBundle.xcodeproj */,
				BBA9D4981AE9103C009EC34E /* XprobeSwift.xcodeproj */,
				BB1E8FF3260B20CF0060493A /* Sources */,
				7F411B0C15FABAC6002F77B6 /* Classes */,
				089C167CFE841241C02AAC07 /* Resources */,
				089C1671FE841209C02AAC07 /* Frameworks and Libraries */,
				19C28FB8FE9D52D311CA2CBB /* Products */,
			);
			name = QuietXcode;
			sourceTree = "<group>";
		};
		089C1671FE841209C02AAC07 /* Frameworks and Libraries */ = {
			isa = PBXGroup;
			children = (
				089C1672FE841209C02AAC07 /* Foundation.framework */,
				7F2EB899145057EA00E97A87 /* AppKit.framework */,
				BB233A791AE8909B003C2AF7 /* libz.dylib */,
			);
			name = "Frameworks and Libraries";
			sourceTree = "<group>";
		};
		089C167CFE841241C02AAC07 /* Resources */ = {
			isa = PBXGroup;
			children = (
				BBD952B819FD8351002E230F /* CodeMirror */,
				BB34DDC51931537F0046B8BC /* canviz-0.1 */,
				BBDC696F1933E5AA002DCCF4 /* graph-xdot.gv */,
				BB34DDC7193153B50046B8BC /* canviz.html */,
				BBF429CF1929CBB500CAFBDC /* xprobe.html */,
				BB0F909B19FEE18900F7E31A /* tiny_red.gif */,
				8D5B49B7048680CD000E48DA /* Info.plist */,
			);
			name = Resources;
			sourceTree = "<group>";
		};
		19C28FB8FE9D52D311CA2CBB /* Products */ = {
			isa = PBXGroup;
			children = (
				8D5B49B6048680CD000E48DA /* XprobePlugin.xcplugin */,
			);
			name = Products;
			sourceTree = "<group>";
		};
		7F411B0C15FABAC6002F77B6 /* Classes */ = {
			isa = PBXGroup;
			children = (
				BBF429C81929CB0500CAFBDC /* Xtrace.h */,
				BBF429C91929CB0500CAFBDC /* Xtrace.mm */,
				BBF429CB1929CB1E00CAFBDC /* Xprobe.h */,
				BB126F2A192DA95500416E57 /* Xprobe.mm */,
				BB103EDF1B076B8A00F280F2 /* IvarAccess.h */,
				BB8EE2A41B06B039007BC168 /* Xprobe+Service.mm */,
				BBF429CC1929CB4F00CAFBDC /* XprobeConsole.h */,
				BBADAF6E192FAFCA00C7831A /* XprobeConsole.m */,
				BBF429CD1929CB8100CAFBDC /* XprobeConsole.xib */,
				BB5CF6381912DCC50052E10B /* XprobePluginMenuController.h */,
				BB5CF6391912DCC50052E10B /* XprobePluginMenuController.m */,
				BBF5D8E21912DFCA0037CE2E /* XprobePluginMenuController.xib */,
			);
			path = Classes;
			sourceTree = "<group>";
		};
		BBA9D4991AE9103C009EC34E /* Products */ = {
			isa = PBXGroup;
			children = (
				BBA9D49D1AE9103E009EC34E /* XprobeSwift.loader */,
			);
			name = Products;
			sourceTree = "<group>";
		};
		BBDEF79319293F35000F1C04 /* Products */ = {
			isa = PBXGroup;
			children = (
				BBDEF79719293F36000F1C04 /* XprobeBundle.loader */,
			);
			name = Products;
			sourceTree = "<group>";
		};
/* End PBXGroup section */

/* Begin PBXNativeTarget section */
		8D5B49AC048680CD000E48DA /* XprobePlugin */ = {
			isa = PBXNativeTarget;
			buildConfigurationList = 1DEB913A08733D840010E9CD /* Build configuration list for PBXNativeTarget "XprobePlugin" */;
			buildPhases = (
				8D5B49B1048680CD000E48DA /* Sources */,
				8D5B49B3048680CD000E48DA /* Frameworks */,
				BB5251F8160A2EF700276EB3 /* Resources */,
				BB126F3A192DAF8400416E57 /* ShellScript */,
			);
			buildRules = (
			);
			dependencies = (
				BB40EFD81AD84F3C0031E493 /* PBXTargetDependency */,
				BBA9D49F1AE91058009EC34E /* PBXTargetDependency */,
			);
			name = XprobePlugin;
			productInstallPath = "$(HOME)/Library/Bundles";
			productName = QuietXcode;
			productReference = 8D5B49B6048680CD000E48DA /* XprobePlugin.xcplugin */;
			productType = "com.apple.product-type.bundle";
		};
/* End PBXNativeTarget section */

/* Begin PBXProject section */
		089C1669FE841209C02AAC07 /* Project object */ = {
			isa = PBXProject;
			attributes = {
				LastUpgradeCheck = 0910;
				TargetAttributes = {
					8D5B49AC048680CD000E48DA = {
						LastSwiftMigration = 1150;
					};
				};
			};
			buildConfigurationList = 1DEB913E08733D840010E9CD /* Build configuration list for PBXProject "XprobePlugin" */;
			compatibilityVersion = "Xcode 3.2";
			developmentRegion = English;
			hasScannedForEncodings = 1;
			knownRegions = (
				English,
				Japanese,
				French,
				German,
				en,
			);
			mainGroup = 089C166AFE841209C02AAC07 /* QuietXcode */;
			projectDirPath = "";
			projectReferences = (
				{
					ProductGroup = BBDEF79319293F35000F1C04 /* Products */;
					ProjectRef = BBDEF79219293F35000F1C04 /* XprobeBundle.xcodeproj */;
				},
				{
					ProductGroup = BBA9D4991AE9103C009EC34E /* Products */;
					ProjectRef = BBA9D4981AE9103C009EC34E /* XprobeSwift.xcodeproj */;
				},
			);
			projectRoot = "";
			targets = (
				8D5B49AC048680CD000E48DA /* XprobePlugin */,
			);
		};
/* End PBXProject section */

/* Begin PBXReferenceProxy section */
		BBA9D49D1AE9103E009EC34E /* XprobeSwift.loader */ = {
			isa = PBXReferenceProxy;
			fileType = wrapper.cfbundle;
			path = XprobeSwift.loader;
			remoteRef = BBA9D49C1AE9103E009EC34E /* PBXContainerItemProxy */;
			sourceTree = BUILT_PRODUCTS_DIR;
		};
		BBDEF79719293F36000F1C04 /* XprobeBundle.loader */ = {
			isa = PBXReferenceProxy;
			fileType = wrapper.cfbundle;
			path = XprobeBundle.loader;
			remoteRef = BBDEF79619293F36000F1C04 /* PBXContainerItemProxy */;
			sourceTree = BUILT_PRODUCTS_DIR;
		};
/* End PBXReferenceProxy section */

/* Begin PBXResourcesBuildPhase section */
		BB5251F8160A2EF700276EB3 /* Resources */ = {
			isa = PBXResourcesBuildPhase;
			buildActionMask = 2147483647;
			files = (
				BBD952B919FD8351002E230F /* CodeMirror in Resources */,
				BB82F0CD1913D15F0015AE7A /* README.md in Resources */,
				BBF429CE1929CB8100CAFBDC /* XprobeConsole.xib in Resources */,
				BBF429D01929CBB500CAFBDC /* xprobe.html in Resources */,
				BB2526441F65CE0700898347 /* LICENSE in Resources */,
				BB34DDC8193153B50046B8BC /* canviz.html in Resources */,
				BBDC69701933E5AA002DCCF4 /* graph-xdot.gv in Resources */,
				BB34DDC61931537F0046B8BC /* canviz-0.1 in Resources */,
				BBF5D8E31912DFCA0037CE2E /* XprobePluginMenuController.xib in Resources */,
				BB0F909C19FEE18900F7E31A /* tiny_red.gif in Resources */,
			);
			runOnlyForDeploymentPostprocessing = 0;
		};
/* End PBXResourcesBuildPhase section */

/* Begin PBXShellScriptBuildPhase section */
		BB126F3A192DAF8400416E57 /* ShellScript */ = {
			isa = PBXShellScriptBuildPhase;
			buildActionMask = 2147483647;
			files = (
			);
			inputPaths = (
			);
			outputPaths = (
			);
			runOnlyForDeploymentPostprocessing = 0;
			shellPath = "/bin/sh -x";
			shellScript = "unset TOOLCHAINS\nSYMROOT=/tmp\nrm -rf /var/folders/nh/*/*/com.apple.DeveloperTools/*/Xcode/*/Xcode/SharedPrecompiledHeaders/XprobeBundle-Prefix-*/XprobeBundle-Prefix.pch.pch\ncd XprobeBundle && rm -rf build &&\n\n\"$DEVELOPER_BIN_DIR\"/xcodebuild SYMROOT=$SYMROOT -sdk iphonesimulator -arch x86_64 -config Debug &&\nrm -rf \"$INSTALL_DIR/$UNLOCALIZED_RESOURCES_FOLDER_PATH\"/SimBundle.loader\ncp -r $SYMROOT/Debug-iphonesimulator/XprobeBundle.loader \"$INSTALL_DIR/$UNLOCALIZED_RESOURCES_FOLDER_PATH\"/SimBundle.loader &&\n\n\"$DEVELOPER_BIN_DIR\"/xcodebuild SYMROOT=$SYMROOT -sdk iphoneos -config Debug &&\nrm -rf \"$INSTALL_DIR/$UNLOCALIZED_RESOURCES_FOLDER_PATH\"/DeviceBundle.loader\ncp -r $SYMROOT/Debug-iphoneos/XprobeBundle.loader \"$INSTALL_DIR/$UNLOCALIZED_RESOURCES_FOLDER_PATH\"/DeviceBundle.loader &&\n\n\"$DEVELOPER_BIN_DIR\"/xcodebuild SYMROOT=$SYMROOT -sdk macosx -arch x86_64 -config Debug &&\nrm -rf \"$INSTALL_DIR/$UNLOCALIZED_RESOURCES_FOLDER_PATH\"/OSXBundle.loader\ncp -r $SYMROOT/Debug/XprobeBundle.loader \"$INSTALL_DIR/$UNLOCALIZED_RESOURCES_FOLDER_PATH\"/OSXBundle.loader &&\n\ncd ../XprobeSwift && rm -rf build &&\n\n\"$DEVELOPER_BIN_DIR\"/xcodebuild SYMROOT=$SYMROOT -sdk iphonesimulator -arch x86_64 -config Debug &&\ncp -rf $SYMROOT/Debug-iphonesimulator/XprobeSwift.loader \"$INSTALL_DIR/$UNLOCALIZED_RESOURCES_FOLDER_PATH\"/SimBundle.loader &&\n\n\"$DEVELOPER_BIN_DIR\"/xcodebuild SYMROOT=$SYMROOT -sdk iphoneos -config Debug &&\ncp -rf $SYMROOT/Debug-iphoneos/XprobeSwift.loader \"$INSTALL_DIR/$UNLOCALIZED_RESOURCES_FOLDER_PATH\"/DeviceBundle.loader &&\n\n\"$DEVELOPER_BIN_DIR\"/xcodebuild SYMROOT=$SYMROOT -sdk macosx -arch x86_64 -config Debug &&\ncp -rf $SYMROOT/Debug/XprobeSwift.loader \"$INSTALL_DIR/$UNLOCALIZED_RESOURCES_FOLDER_PATH\"/OSXBundle.loader &&\nrm -f \"$INSTALL_DIR/XprobePlugin.xcplugin/XprobeSwift.loader\" &&\nln -s Contents/Resources/OSXBundle.loader/XprobeSwift.loader \"$INSTALL_DIR/XprobePlugin.xcplugin\"\n";
			showEnvVarsInLog = 0;
		};
/* End PBXShellScriptBuildPhase section */

/* Begin PBXSourcesBuildPhase section */
		8D5B49B1048680CD000E48DA /* Sources */ = {
			isa = PBXSourcesBuildPhase;
			buildActionMask = 2147483647;
			files = (
				BB126F2B192DA95500416E57 /* Xprobe.mm in Sources */,
				BB8EE2A51B06B039007BC168 /* Xprobe+Service.mm in Sources */,
				BBADAF6F192FAFCA00C7831A /* XprobeConsole.m in Sources */,
				BBF429CA1929CB0500CAFBDC /* Xtrace.mm in Sources */,
				BB5CF63A1912DCC50052E10B /* XprobePluginMenuController.m in Sources */,
			);
			runOnlyForDeploymentPostprocessing = 0;
		};
/* End PBXSourcesBuildPhase section */

/* Begin PBXTargetDependency section */
		BB40EFD81AD84F3C0031E493 /* PBXTargetDependency */ = {
			isa = PBXTargetDependency;
			name = XprobeBundle;
			targetProxy = BB40EFD71AD84F3C0031E493 /* PBXContainerItemProxy */;
		};
		BBA9D49F1AE91058009EC34E /* PBXTargetDependency */ = {
			isa = PBXTargetDependency;
			name = XprobeSwift;
			targetProxy = BBA9D49E1AE91058009EC34E /* PBXContainerItemProxy */;
		};
/* End PBXTargetDependency section */

/* Begin XCBuildConfiguration section */
		1DEB913B08733D840010E9CD /* Debug */ = {
			isa = XCBuildConfiguration;
			buildSettings = {
				ALWAYS_SEARCH_USER_PATHS = NO;
				CLANG_ENABLE_MODULES = YES;
				CLANG_ENABLE_OBJC_ARC = YES;
				COMBINE_HIDPI_IMAGES = YES;
				COPY_PHASE_STRIP = NO;
				DEPLOYMENT_LOCATION = YES;
				DEPLOYMENT_POSTPROCESSING = YES;
				DSTROOT = "$(HOME)";
				GCC_DYNAMIC_NO_PIC = NO;
				GCC_OPTIMIZATION_LEVEL = 0;
				GCC_SYMBOLS_PRIVATE_EXTERN = NO;
				INFOPLIST_FILE = Info.plist;
				INSTALL_PATH = "/Library/Application Support/Developer/Shared/Xcode/Plug-ins";
				LD_RUNPATH_SEARCH_PATHS = /Developer;
				LIBRARY_SEARCH_PATHS = (
					"$(inherited)",
					"$(PROJECT_DIR)",
				);
				PRODUCT_BUNDLE_IDENTIFIER = com.johnholdsworth.XprobePlugin;
				PRODUCT_NAME = XprobePlugin;
				STRIP_INSTALLED_PRODUCT = NO;
				SWIFT_OPTIMIZATION_LEVEL = "-Onone";
				SWIFT_VERSION = 5.0;
				WRAPPER_EXTENSION = xcplugin;
			};
			name = Debug;
		};
		1DEB913F08733D840010E9CD /* Debug */ = {
			isa = XCBuildConfiguration;
			buildSettings = {
				CLANG_ANALYZER_LOCALIZABILITY_NONLOCALIZED = YES;
				CLANG_WARN_BLOCK_CAPTURE_AUTORELEASING = YES;
				CLANG_WARN_BOOL_CONVERSION = YES;
				CLANG_WARN_COMMA = YES;
				CLANG_WARN_CONSTANT_CONVERSION = YES;
				CLANG_WARN_EMPTY_BODY = YES;
				CLANG_WARN_ENUM_CONVERSION = YES;
				CLANG_WARN_INFINITE_RECURSION = YES;
				CLANG_WARN_INT_CONVERSION = YES;
				CLANG_WARN_NON_LITERAL_NULL_CONVERSION = YES;
				CLANG_WARN_OBJC_LITERAL_CONVERSION = YES;
				CLANG_WARN_RANGE_LOOP_ANALYSIS = YES;
				CLANG_WARN_STRICT_PROTOTYPES = YES;
				CLANG_WARN_SUSPICIOUS_MOVE = YES;
				CLANG_WARN_UNREACHABLE_CODE = YES;
				CLANG_WARN__DUPLICATE_METHOD_MATCH = YES;
				"CODE_SIGN_IDENTITY[sdk=iphoneos*]" = "iPhone Developer";
				CURRENT_PROJECT_VERSION = 4.0;
				ENABLE_STRICT_OBJC_MSGSEND = YES;
				ENABLE_TESTABILITY = YES;
				GCC_C_LANGUAGE_STANDARD = c99;
				GCC_NO_COMMON_BLOCKS = YES;
				GCC_OPTIMIZATION_LEVEL = 0;
				GCC_PREPROCESSOR_DEFINITIONS = (
					DEBUG,
					XPROBE_PLUGIN,
				);
				GCC_SYMBOLS_PRIVATE_EXTERN = NO;
				GCC_WARN_64_TO_32_BIT_CONVERSION = YES;
				GCC_WARN_ABOUT_RETURN_TYPE = YES;
				GCC_WARN_UNDECLARED_SELECTOR = YES;
				GCC_WARN_UNINITIALIZED_AUTOS = YES;
				GCC_WARN_UNUSED_FUNCTION = YES;
				GCC_WARN_UNUSED_VARIABLE = YES;
				INFOPLIST_PREPROCESSOR_DEFINITIONS = "";
				INSTALL_PATH = "$(HOME)/Library/Application Support/Developer/Shared/Xcode/Plug-ins";
				MACOSX_DEPLOYMENT_TARGET = 10.9;
				ONLY_ACTIVE_ARCH = YES;
				SDKROOT = macosx;
			};
			name = Debug;
		};
/* End XCBuildConfiguration section */

/* Begin XCConfigurationList section */
		1DEB913A08733D840010E9CD /* Build configuration list for PBXNativeTarget "XprobePlugin" */ = {
			isa = XCConfigurationList;
			buildConfigurations = (
				1DEB913B08733D840010E9CD /* Debug */,
			);
			defaultConfigurationIsVisible = 0;
			defaultConfigurationName = Debug;
		};
		1DEB913E08733D840010E9CD /* Build configuration list for PBXProject "XprobePlugin" */ = {
			isa = XCConfigurationList;
			buildConfigurations = (
				1DEB913F08733D840010E9CD /* Debug */,
			);
			defaultConfigurationIsVisible = 0;
			defaultConfigurationName = Debug;
		};
/* End XCConfigurationList section */
	};
	rootObject = 089C1669FE841209C02AAC07 /* Project object */;
}
